<Solution>
  <Configurations>
    <Platform Name="x64" />
    <Platform Name="x86" />
  </Configurations>
<<<<<<< HEAD
  <Project Path="TransactionsScreen/TransactionsScreen.vcxproj" Id="ba8586ca-0566-4ca3-b9dc-327bf1a74b6e" />
=======
  <Project Path="TransactionsScreen/TransactionsScreen.vcxproj" />
>>>>>>> 3e21e500922325712b543d8d4b278fb26ed1593b
</Solution>
